
Microsoft Visual Studio Solution File, Format Version 12.00
Project("{FAE04EC0-301F-11D3-BF4B-00C04F79EFBC}") = "Magikarp", "Magikarp\Magikarp.csproj", "{97A9A060-859C-4D1A-852B-FA52ADEABCBC}"
EndProject
Global
	GlobalSection(SolutionConfigurationPlatforms) = preSolution
		Debug|Any CPU = Debug|Any CPU
		Release|Any CPU = Release|Any CPU
	EndGlobalSection
	GlobalSection(ProjectConfigurationPlatforms) = postSolution
		{97A9A060-859C-4D1A-852B-FA52ADEABCBC}.Debug|Any CPU.ActiveCfg = Debug|Any CPU
		{97A9A060-859C-4D1A-852B-FA52ADEABCBC}.Debug|Any CPU.Build.0 = Debug|Any CPU
		{97A9A060-859C-4D1A-852B-FA52ADEABCBC}.Release|Any CPU.ActiveCfg = Release|Any CPU
		{97A9A060-859C-4D1A-852B-FA52ADEABCBC}.Release|Any CPU.Build.0 = Release|Any CPU
	EndGlobalSection
EndGlobal
